# THIS IS AN AUTOGENERATED FILE. DO NOT EDIT THIS FILE DIRECTLY.
# yarn lockfile v1


"@prettier/plugin-php@^0.24.0":
  version "0.24.0"
  resolved "https://registry.yarnpkg.com/@prettier/plugin-php/-/plugin-php-0.24.0.tgz#c7e84dac73aa45109cfa0a0c73301063fdb3dc9f"
  integrity sha512-x9l65fCE/pgoET6RQowgdgG8Xmzs44z6j6Hhg3coINCyCw9JBGJ5ZzMR2XHAM2jmAdbJAIgqB6cUn4/3W3XLTA==
  dependencies:
    linguist-languages "^8.0.0"
    php-parser "^3.2.5"

linguist-languages@^8.0.0:
  version "8.1.0"
  resolved "https://registry.yarnpkg.com/linguist-languages/-/linguist-languages-8.1.0.tgz#844d85b9667980c9408e476a6319a30007ab2120"
  integrity sha512-mg7zk9Lz89MJYvie41yUTmgeMwhN53gKQigNU1i+1JAGNqGRvF59RLhhkKCRYfZLt3rVgWcVSRrj0fxug5R98A==

php-parser@^3.2.5:
  version "3.2.5"
  resolved "https://registry.yarnpkg.com/php-parser/-/php-parser-3.2.5.tgz#24ff4b4f3e1788967f7737e43c273a5a8e7cd0ac"
  integrity sha512-M1ZYlALFFnESbSdmRtTQrBFUHSriHgPhgqtTF/LCbZM4h7swR5PHtUceB2Kzby5CfqcsYwBn7OXTJ0+8Sajwkw==

prettier@^3.6.2:
  version "3.6.2"
  resolved "https://registry.yarnpkg.com/prettier/-/prettier-3.6.2.tgz#ccda02a1003ebbb2bfda6f83a074978f608b9393"
  integrity sha512-I7AIg5boAr5R0FFtJ6rCfD+LFsWHp81dolrFD8S79U9tb8Az2nGrJncnMSnys+bpQJfRUzqs9hnA81OAA3hCuQ==
